
Microsoft Visual Studio Solution File, Format Version 12.00
# Visual Studio Version 17
VisualStudioVersion = 17.9.34723.18
MinimumVisualStudioVersion = 10.0.40219.1
Project("{9A19103F-16F7-4668-BE54-9A1E7A4F7556}") = "Moderation", "Moderation.csproj", "{0D0DD4BA-4F66-477B-B83A-49D8451792FB}"
EndProject
Project("{9A19103F-16F7-4668-BE54-9A1E7A4F7556}") = "Moderation.Test", "..\Moderation.Test\Moderation.Test.csproj", "{954891CA-FDAF-47B8-A93A-B2463FB42226}"
EndProject
Project("{FAE04EC0-301F-11D3-BF4B-00C04F79EFBC}") = "Backend", "..\Backend\Backend.csproj", "{66578FE4-D250-469D-B32D-7D9B6C37396C}"
EndProject
Global
	GlobalSection(SolutionConfigurationPlatforms) = preSolution
		Debug|Any CPU = Debug|Any CPU
		Release|Any CPU = Release|Any CPU
	EndGlobalSection
	GlobalSection(ProjectConfigurationPlatforms) = postSolution
		{0D0DD4BA-4F66-477B-B83A-49D8451792FB}.Debug|Any CPU.ActiveCfg = Debug|Any CPU
		{0D0DD4BA-4F66-477B-B83A-49D8451792FB}.Debug|Any CPU.Build.0 = Debug|Any CPU
		{0D0DD4BA-4F66-477B-B83A-49D8451792FB}.Debug|Any CPU.Deploy.0 = Debug|Any CPU
		{0D0DD4BA-4F66-477B-B83A-49D8451792FB}.Release|Any CPU.ActiveCfg = Release|Any CPU
		{0D0DD4BA-4F66-477B-B83A-49D8451792FB}.Release|Any CPU.Build.0 = Release|Any CPU
		{0D0DD4BA-4F66-477B-B83A-49D8451792FB}.Release|Any CPU.Deploy.0 = Release|Any CPU
		{954891CA-FDAF-47B8-A93A-B2463FB42226}.Debug|Any CPU.ActiveCfg = Debug|Any CPU
		{954891CA-FDAF-47B8-A93A-B2463FB42226}.Debug|Any CPU.Build.0 = Debug|Any CPU
		{954891CA-FDAF-47B8-A93A-B2463FB42226}.Release|Any CPU.ActiveCfg = Release|Any CPU
		{954891CA-FDAF-47B8-A93A-B2463FB42226}.Release|Any CPU.Build.0 = Release|Any CPU
		{66578FE4-D250-469D-B32D-7D9B6C37396C}.Debug|Any CPU.ActiveCfg = Debug|Any CPU
		{66578FE4-D250-469D-B32D-7D9B6C37396C}.Debug|Any CPU.Build.0 = Debug|Any CPU
		{66578FE4-D250-469D-B32D-7D9B6C37396C}.Release|Any CPU.ActiveCfg = Release|Any CPU
		{66578FE4-D250-469D-B32D-7D9B6C37396C}.Release|Any CPU.Build.0 = Release|Any CPU
	EndGlobalSection
	GlobalSection(SolutionProperties) = preSolution
		HideSolutionNode = FALSE
	EndGlobalSection
	GlobalSection(ExtensibilityGlobals) = postSolution
		SolutionGuid = {19910233-17A0-48BB-970A-A8C7C74A9C91}
	EndGlobalSection
EndGlobal
